
Microsoft Visual Studio Solution File, Format Version 12.00
# Visual Studio 2013
VisualStudioVersion = 12.0.31101.0
MinimumVisualStudioVersion = 10.0.40219.1
Project("{8BC9CEB8-8B4A-11D0-8D11-00A0C91BC942}") = "Cubifier", "Cubifier\Cubifier.vcxproj", "{AB9BBFF7-A74C-4FF2-96BE-82907AF2766C}"
EndProject
Global
	GlobalSection(SolutionConfigurationPlatforms) = preSolution
		Debug|Win32 = Debug|Win32
		Debug|x64 = Debug|x64
		Release|Win32 = Release|Win32
		Release|x64 = Release|x64
	EndGlobalSection
	GlobalSection(ProjectConfigurationPlatforms) = postSolution
		{AB9BBFF7-A74C-4FF2-96BE-82907AF2766C}.Debug|Win32.ActiveCfg = Debug|x64
		{AB9BBFF7-A74C-4FF2-96BE-82907AF2766C}.Debug|Win32.Build.0 = Debug|x64
		{AB9BBFF7-A74C-4FF2-96BE-82907AF2766C}.Debug|x64.ActiveCfg = Debug|x64
		{AB9BBFF7-A74C-4FF2-96BE-82907AF2766C}.Debug|x64.Build.0 = Debug|x64
		{AB9BBFF7-A74C-4FF2-96BE-82907AF2766C}.Release|Win32.ActiveCfg = Release|Win32
		{AB9BBFF7-A74C-4FF2-96BE-82907AF2766C}.Release|Win32.Build.0 = Release|Win32
		{AB9BBFF7-A74C-4FF2-96BE-82907AF2766C}.Release|x64.ActiveCfg = Release|x64
		{AB9BBFF7-A74C-4FF2-96BE-82907AF2766C}.Release|x64.Build.0 = Release|x64
	EndGlobalSection
	GlobalSection(SolutionProperties) = preSolution
		HideSolutionNode = FALSE
	EndGlobalSection
EndGlobal
